// !$*UTF8*$!
{
	archiveVersion = 1;
	classes = {
	};
	objectVersion = 55;
	objects = {

/* Begin PBXBuildFile section */
		D84A1AC22847E8BE00BF2550 /* AppDelegate.swift in Sources */ = {isa = PBXBuildFile; fileRef = D84A1AC12847E8BE00BF2550 /* AppDelegate.swift */; };
		D84A1AC42847E8BE00BF2550 /* SceneDelegate.swift in Sources */ = {isa = PBXBuildFile; fileRef = D84A1AC32847E8BE00BF2550 /* SceneDelegate.swift */; };
		D84A1AC62847E8BE00BF2550 /* ViewController.swift in Sources */ = {isa = PBXBuildFile; fileRef = D84A1AC52847E8BE00BF2550 /* ViewController.swift */; };
		D84A1AC92847E8BE00BF2550 /* Main.storyboard in Resources */ = {isa = PBXBuildFile; fileRef = D84A1AC72847E8BE00BF2550 /* Main.storyboard */; };
		D84A1ACB2847E8BF00BF2550 /* Assets.xcassets in Resources */ = {isa = PBXBuildFile; fileRef = D84A1ACA2847E8BF00BF2550 /* Assets.xcassets */; };
		D84A1ACE2847E8BF00BF2550 /* LaunchScreen.storyboard in Resources */ = {isa = PBXBuildFile; fileRef = D84A1ACC2847E8BF00BF2550 /* LaunchScreen.storyboard */; };
		D84A1AD62847E8D500BF2550 /* ExampleView.swift in Sources */ = {isa = PBXBuildFile; fileRef = D84A1AD52847E8D500BF2550 /* ExampleView.swift */; };
		D84A1ADE28488FF300BF2550 /* RoundedRectangleExperimentTests.swift in Sources */ = {isa = PBXBuildFile; fileRef = D84A1ADD28488FF300BF2550 /* RoundedRectangleExperimentTests.swift */; };
		D84A1AED28489B9600BF2550 /* SnapshotTesting in Frameworks */ = {isa = PBXBuildFile; productRef = D84A1AEC28489B9600BF2550 /* SnapshotTesting */; };
/* End PBXBuildFile section */

/* Begin PBXContainerItemProxy section */
		D84A1ADF28488FF300BF2550 /* PBXContainerItemProxy */ = {
			isa = PBXContainerItemProxy;
			containerPortal = D84A1AB62847E8BE00BF2550 /* Project object */;
			proxyType = 1;
			remoteGlobalIDString = D84A1ABD2847E8BE00BF2550;
			remoteInfo = RoundedRectangleExperiment;
		};
/* End PBXContainerItemProxy section */

/* Begin PBXFileReference section */
		D84A1ABE2847E8BE00BF2550 /* RoundedRectangleExperiment.app */ = {isa = PBXFileReference; explicitFileType = wrapper.application; includeInIndex = 0; path = RoundedRectangleExperiment.app; sourceTree = BUILT_PRODUCTS_DIR; };
		D84A1AC12847E8BE00BF2550 /* AppDelegate.swift */ = {isa = PBXFileReference; lastKnownFileType = sourcecode.swift; path = AppDelegate.swift; sourceTree = "<group>"; };
		D84A1AC32847E8BE00BF2550 /* SceneDelegate.swift */ = {isa = PBXFileReference; lastKnownFileType = sourcecode.swift; path = SceneDelegate.swift; sourceTree = "<group>"; };
		D84A1AC52847E8BE00BF2550 /* ViewController.swift */ = {isa = PBXFileReference; lastKnownFileType = sourcecode.swift; path = ViewController.swift; sourceTree = "<group>"; };
		D84A1AC82847E8BE00BF2550 /* Base */ = {isa = PBXFileReference; lastKnownFileType = file.storyboard; name = Base; path = Base.lproj/Main.storyboard; sourceTree = "<group>"; };
		D84A1ACA2847E8BF00BF2550 /* Assets.xcassets */ = {isa = PBXFileReference; lastKnownFileType = folder.assetcatalog; path = Assets.xcassets; sourceTree = "<group>"; };
		D84A1ACD2847E8BF00BF2550 /* Base */ = {isa = PBXFileReference; lastKnownFileType = file.storyboard; name = Base; path = Base.lproj/LaunchScreen.storyboard; sourceTree = "<group>"; };
		D84A1ACF2847E8BF00BF2550 /* Info.plist */ = {isa = PBXFileReference; lastKnownFileType = text.plist.xml; path = Info.plist; sourceTree = "<group>"; };
		D84A1AD52847E8D500BF2550 /* ExampleView.swift */ = {isa = PBXFileReference; lastKnownFileType = sourcecode.swift; path = ExampleView.swift; sourceTree = "<group>"; };
		D84A1ADB28488FF300BF2550 /* RoundedRectangleExperimentTests.xctest */ = {isa = PBXFileReference; explicitFileType = wrapper.cfbundle; includeInIndex = 0; path = RoundedRectangleExperimentTests.xctest; sourceTree = BUILT_PRODUCTS_DIR; };
		D84A1ADD28488FF300BF2550 /* RoundedRectangleExperimentTests.swift */ = {isa = PBXFileReference; lastKnownFileType = sourcecode.swift; path = RoundedRectangleExperimentTests.swift; sourceTree = "<group>"; };
/* End PBXFileReference section */

/* Begin PBXFrameworksBuildPhase section */
		D84A1ABB2847E8BE00BF2550 /* Frameworks */ = {
			isa = PBXFrameworksBuildPhase;
			buildActionMask = 2147483647;
			files = (
			);
			runOnlyForDeploymentPostprocessing = 0;
		};
		D84A1AD828488FF300BF2550 /* Frameworks */ = {
			isa = PBXFrameworksBuildPhase;
			buildActionMask = 2147483647;
			files = (
				D84A1AED28489B9600BF2550 /* SnapshotTesting in Frameworks */,
			);
			runOnlyForDeploymentPostprocessing = 0;
		};
/* End PBXFrameworksBuildPhase section */

/* Begin PBXGroup section */
		D84A1AB52847E8BE00BF2550 = {
			isa = PBXGroup;
			children = (
				D84A1AC02847E8BE00BF2550 /* RoundedRectangleExperiment */,
				D84A1ADC28488FF300BF2550 /* RoundedRectangleExperimentTests */,
				D84A1ABF2847E8BE00BF2550 /* Products */,
				D84A1AE728489B1000BF2550 /* Frameworks */,
			);
			sourceTree = "<group>";
		};
		D84A1ABF2847E8BE00BF2550 /* Products */ = {
			isa = PBXGroup;
			children = (
				D84A1ABE2847E8BE00BF2550 /* RoundedRectangleExperiment.app */,
				D84A1ADB28488FF300BF2550 /* RoundedRectangleExperimentTests.xctest */,
			);
			name = Products;
			sourceTree = "<group>";
		};
		D84A1AC02847E8BE00BF2550 /* RoundedRectangleExperiment */ = {
			isa = PBXGroup;
			children = (
				D84A1AC12847E8BE00BF2550 /* AppDelegate.swift */,
				D84A1AC32847E8BE00BF2550 /* SceneDelegate.swift */,
				D84A1AC52847E8BE00BF2550 /* ViewController.swift */,
				D84A1AC72847E8BE00BF2550 /* Main.storyboard */,
				D84A1ACA2847E8BF00BF2550 /* Assets.xcassets */,
				D84A1ACC2847E8BF00BF2550 /* LaunchScreen.storyboard */,
				D84A1ACF2847E8BF00BF2550 /* Info.plist */,
				D84A1AD52847E8D500BF2550 /* ExampleView.swift */,
			);
			path = RoundedRectangleExperiment;
			sourceTree = "<group>";
		};
		D84A1ADC28488FF300BF2550 /* RoundedRectangleExperimentTests */ = {
			isa = PBXGroup;
			children = (
				D84A1ADD28488FF300BF2550 /* RoundedRectangleExperimentTests.swift */,
			);
			path = RoundedRectangleExperimentTests;
			sourceTree = "<group>";
		};
		D84A1AE728489B1000BF2550 /* Frameworks */ = {
			isa = PBXGroup;
			children = (
			);
			name = Frameworks;
			sourceTree = "<group>";
		};
/* End PBXGroup section */

/* Begin PBXNativeTarget section */
		D84A1ABD2847E8BE00BF2550 /* RoundedRectangleExperiment */ = {
			isa = PBXNativeTarget;
			buildConfigurationList = D84A1AD22847E8BF00BF2550 /* Build configuration list for PBXNativeTarget "RoundedRectangleExperiment" */;
			buildPhases = (
				D84A1ABA2847E8BE00BF2550 /* Sources */,
				D84A1ABB2847E8BE00BF2550 /* Frameworks */,
				D84A1ABC2847E8BE00BF2550 /* Resources */,
			);
			buildRules = (
			);
			dependencies = (
			);
			name = RoundedRectangleExperiment;
			packageProductDependencies = (
			);
			productName = RoundedRectangleExperiment;
			productReference = D84A1ABE2847E8BE00BF2550 /* RoundedRectangleExperiment.app */;
			productType = "com.apple.product-type.application";
		};
		D84A1ADA28488FF300BF2550 /* RoundedRectangleExperimentTests */ = {
			isa = PBXNativeTarget;
			buildConfigurationList = D84A1AE328488FF300BF2550 /* Build configuration list for PBXNativeTarget "RoundedRectangleExperimentTests" */;
			buildPhases = (
				D84A1AD728488FF300BF2550 /* Sources */,
				D84A1AD828488FF300BF2550 /* Frameworks */,
				D84A1AD928488FF300BF2550 /* Resources */,
			);
			buildRules = (
			);
			dependencies = (
				D84A1AE028488FF300BF2550 /* PBXTargetDependency */,
			);
			name = RoundedRectangleExperimentTests;
			packageProductDependencies = (
				D84A1AEC28489B9600BF2550 /* SnapshotTesting */,
			);
			productName = RoundedRectangleExperimentTests;
			productReference = D84A1ADB28488FF300BF2550 /* RoundedRectangleExperimentTests.xctest */;
			productType = "com.apple.product-type.bundle.unit-test";
		};
/* End PBXNativeTarget section */

/* Begin PBXProject section */
		D84A1AB62847E8BE00BF2550 /* Project object */ = {
			isa = PBXProject;
			attributes = {
				BuildIndependentTargetsInParallel = 1;
				LastSwiftUpdateCheck = 1340;
				LastUpgradeCheck = 1340;
				TargetAttributes = {
					D84A1ABD2847E8BE00BF2550 = {
						CreatedOnToolsVersion = 13.4;
					};
					D84A1ADA28488FF300BF2550 = {
						CreatedOnToolsVersion = 13.4;
						TestTargetID = D84A1ABD2847E8BE00BF2550;
					};
				};
			};
			buildConfigurationList = D84A1AB92847E8BE00BF2550 /* Build configuration list for PBXProject "RoundedRectangleExperiment" */;
			compatibilityVersion = "Xcode 13.0";
			developmentRegion = en;
			hasScannedForEncodings = 0;
			knownRegions = (
				en,
				Base,
			);
			mainGroup = D84A1AB52847E8BE00BF2550;
			packageReferences = (
				D84A1AE42848902F00BF2550 /* XCRemoteSwiftPackageReference "swift-snapshot-testing" */,
			);
			productRefGroup = D84A1ABF2847E8BE00BF2550 /* Products */;
			projectDirPath = "";
			projectRoot = "";
			targets = (
				D84A1ABD2847E8BE00BF2550 /* RoundedRectangleExperiment */,
				D84A1ADA28488FF300BF2550 /* RoundedRectangleExperimentTests */,
			);
		};
/* End PBXProject section */

/* Begin PBXResourcesBuildPhase section */
		D84A1ABC2847E8BE00BF2550 /* Resources */ = {
			isa = PBXResourcesBuildPhase;
			buildActionMask = 2147483647;
			files = (
				D84A1ACE2847E8BF00BF2550 /* LaunchScreen.storyboard in Resources */,
				D84A1ACB2847E8BF00BF2550 /* Assets.xcassets in Resources */,
				D84A1AC92847E8BE00BF2550 /* Main.storyboard in Resources */,
			);
			runOnlyForDeploymentPostprocessing = 0;
		};
		D84A1AD928488FF300BF2550 /* Resources */ = {
			isa = PBXResourcesBuildPhase;
			buildActionMask = 2147483647;
			files = (
			);
			runOnlyForDeploymentPostprocessing = 0;
		};
/* End PBXResourcesBuildPhase section */

/* Begin PBXSourcesBuildPhase section */
		D84A1ABA2847E8BE00BF2550 /* Sources */ = {
			isa = PBXSourcesBuildPhase;
			buildActionMask = 2147483647;
			files = (
				D84A1AC62847E8BE00BF2550 /* ViewController.swift in Sources */,
				D84A1AC22847E8BE00BF2550 /* AppDelegate.swift in Sources */,
				D84A1AC42847E8BE00BF2550 /* SceneDelegate.swift in Sources */,
				D84A1AD62847E8D500BF2550 /* ExampleView.swift in Sources */,
			);
			runOnlyForDeploymentPostprocessing = 0;
		};
		D84A1AD728488FF300BF2550 /* Sources */ = {
			isa = PBXSourcesBuildPhase;
			buildActionMask = 2147483647;
			files = (
				D84A1ADE28488FF300BF2550 /* RoundedRectangleExperimentTests.swift in Sources */,
			);
			runOnlyForDeploymentPostprocessing = 0;
		};
/* End PBXSourcesBuildPhase section */

/* Begin PBXTargetDependency section */
		D84A1AE028488FF300BF2550 /* PBXTargetDependency */ = {
			isa = PBXTargetDependency;
			target = D84A1ABD2847E8BE00BF2550 /* RoundedRectangleExperiment */;
			targetProxy = D84A1ADF28488FF300BF2550 /* PBXContainerItemProxy */;
		};
/* End PBXTargetDependency section */

/* Begin PBXVariantGroup section */
		D84A1AC72847E8BE00BF2550 /* Main.storyboard */ = {
			isa = PBXVariantGroup;
			children = (
				D84A1AC82847E8BE00BF2550 /* Base */,
			);
			name = Main.storyboard;
			sourceTree = "<group>";
		};
		D84A1ACC2847E8BF00BF2550 /* LaunchScreen.storyboard */ = {
			isa = PBXVariantGroup;
			children = (
				D84A1ACD2847E8BF00BF2550 /* Base */,
			);
			name = LaunchScreen.storyboard;
			sourceTree = "<group>";
		};
/* End PBXVariantGroup section */

/* Begin XCBuildConfiguration section */
		D84A1AD02847E8BF00BF2550 /* Debug */ = {
			isa = XCBuildConfiguration;
			buildSettings = {
				ALWAYS_SEARCH_USER_PATHS = NO;
				CLANG_ANALYZER_NONNULL = YES;
				CLANG_ANALYZER_NUMBER_OBJECT_CONVERSION = YES_AGGRESSIVE;
				CLANG_CXX_LANGUAGE_STANDARD = "gnu++17";
				CLANG_ENABLE_MODULES = YES;
				CLANG_ENABLE_OBJC_ARC = YES;
				CLANG_ENABLE_OBJC_WEAK = YES;
				CLANG_WARN_BLOCK_CAPTURE_AUTORELEASING = YES;
				CLANG_WARN_BOOL_CONVERSION = YES;
				CLANG_WARN_COMMA = YES;
				CLANG_WARN_CONSTANT_CONVERSION = YES;
				CLANG_WARN_DEPRECATED_OBJC_IMPLEMENTATIONS = YES;
				CLANG_WARN_DIRECT_OBJC_ISA_USAGE = YES_ERROR;
				CLANG_WARN_DOCUMENTATION_COMMENTS = YES;
				CLANG_WARN_EMPTY_BODY = YES;
				CLANG_WARN_ENUM_CONVERSION = YES;
				CLANG_WARN_INFINITE_RECURSION = YES;
				CLANG_WARN_INT_CONVERSION = YES;
				CLANG_WARN_NON_LITERAL_NULL_CONVERSION = YES;
				CLANG_WARN_OBJC_IMPLICIT_RETAIN_SELF = YES;
				CLANG_WARN_OBJC_LITERAL_CONVERSION = YES;
				CLANG_WARN_OBJC_ROOT_CLASS = YES_ERROR;
				CLANG_WARN_QUOTED_INCLUDE_IN_FRAMEWORK_HEADER = YES;
				CLANG_WARN_RANGE_LOOP_ANALYSIS = YES;
				CLANG_WARN_STRICT_PROTOTYPES = YES;
				CLANG_WARN_SUSPICIOUS_MOVE = YES;
				CLANG_WARN_UNGUARDED_AVAILABILITY = YES_AGGRESSIVE;
				CLANG_WARN_UNREACHABLE_CODE = YES;
				CLANG_WARN__DUPLICATE_METHOD_MATCH = YES;
				COPY_PHASE_STRIP = NO;
				DEBUG_INFORMATION_FORMAT = dwarf;
				ENABLE_STRICT_OBJC_MSGSEND = YES;
				ENABLE_TESTABILITY = YES;
				GCC_C_LANGUAGE_STANDARD = gnu11;
				GCC_DYNAMIC_NO_PIC = NO;
				GCC_NO_COMMON_BLOCKS = YES;
				GCC_OPTIMIZATION_LEVEL = 0;
				GCC_PREPROCESSOR_DEFINITIONS = (
					"DEBUG=1",
					"$(inherited)",
				);
				GCC_WARN_64_TO_32_BIT_CONVERSION = YES;
				GCC_WARN_ABOUT_RETURN_TYPE = YES_ERROR;
				GCC_WARN_UNDECLARED_SELECTOR = YES;
				GCC_WARN_UNINITIALIZED_AUTOS = YES_AGGRESSIVE;
				GCC_WARN_UNUSED_FUNCTION = YES;
				GCC_WARN_UNUSED_VARIABLE = YES;
				IPHONEOS_DEPLOYMENT_TARGET = 15.5;
				MTL_ENABLE_DEBUG_INFO = INCLUDE_SOURCE;
				MTL_FAST_MATH = YES;
				ONLY_ACTIVE_ARCH = YES;
				SDKROOT = iphoneos;
				SWIFT_ACTIVE_COMPILATION_CONDITIONS = DEBUG;
				SWIFT_OPTIMIZATION_LEVEL = "-Onone";
			};
			name = Debug;
		};
		D84A1AD12847E8BF00BF2550 /* Release */ = {
			isa = XCBuildConfiguration;
			buildSettings = {
				ALWAYS_SEARCH_USER_PATHS = NO;
				CLANG_ANALYZER_NONNULL = YES;
				CLANG_ANALYZER_NUMBER_OBJECT_CONVERSION = YES_AGGRESSIVE;
				CLANG_CXX_LANGUAGE_STANDARD = "gnu++17";
				CLANG_ENABLE_MODULES = YES;
				CLANG_ENABLE_OBJC_ARC = YES;
				CLANG_ENABLE_OBJC_WEAK = YES;
				CLANG_WARN_BLOCK_CAPTURE_AUTORELEASING = YES;
				CLANG_WARN_BOOL_CONVERSION = YES;
				CLANG_WARN_COMMA = YES;
				CLANG_WARN_CONSTANT_CONVERSION = YES;
				CLANG_WARN_DEPRECATED_OBJC_IMPLEMENTATIONS = YES;
				CLANG_WARN_DIRECT_OBJC_ISA_USAGE = YES_ERROR;
				CLANG_WARN_DOCUMENTATION_COMMENTS = YES;
				CLANG_WARN_EMPTY_BODY = YES;
				CLANG_WARN_ENUM_CONVERSION = YES;
				CLANG_WARN_INFINITE_RECURSION = YES;
				CLANG_WARN_INT_CONVERSION = YES;
				CLANG_WARN_NON_LITERAL_NULL_CONVERSION = YES;
				CLANG_WARN_OBJC_IMPLICIT_RETAIN_SELF = YES;
				CLANG_WARN_OBJC_LITERAL_CONVERSION = YES;
				CLANG_WARN_OBJC_ROOT_CLASS = YES_ERROR;
				CLANG_WARN_QUOTED_INCLUDE_IN_FRAMEWORK_HEADER = YES;
				CLANG_WARN_RANGE_LOOP_ANALYSIS = YES;
				CLANG_WARN_STRICT_PROTOTYPES = YES;
				CLANG_WARN_SUSPICIOUS_MOVE = YES;
				CLANG_WARN_UNGUARDED_AVAILABILITY = YES_AGGRESSIVE;
				CLANG_WARN_UNREACHABLE_CODE = YES;
				CLANG_WARN__DUPLICATE_METHOD_MATCH = YES;
				COPY_PHASE_STRIP = NO;
				DEBUG_INFORMATION_FORMAT = "dwarf-with-dsym";
				ENABLE_NS_ASSERTIONS = NO;
				ENABLE_STRICT_OBJC_MSGSEND = YES;
				GCC_C_LANGUAGE_STANDARD = gnu11;
				GCC_NO_COMMON_BLOCKS = YES;
				GCC_WARN_64_TO_32_BIT_CONVERSION = YES;
				GCC_WARN_ABOUT_RETURN_TYPE = YES_ERROR;
				GCC_WARN_UNDECLARED_SELECTOR = YES;
				GCC_WARN_UNINITIALIZED_AUTOS = YES_AGGRESSIVE;
				GCC_WARN_UNUSED_FUNCTION = YES;
				GCC_WARN_UNUSED_VARIABLE = YES;
				IPHONEOS_DEPLOYMENT_TARGET = 15.5;
				MTL_ENABLE_DEBUG_INFO = NO;
				MTL_FAST_MATH = YES;
				SDKROOT = iphoneos;
				SWIFT_COMPILATION_MODE = wholemodule;
				SWIFT_OPTIMIZATION_LEVEL = "-O";
				VALIDATE_PRODUCT = YES;
			};
			name = Release;
		};
		D84A1AD32847E8BF00BF2550 /* Debug */ = {
			isa = XCBuildConfiguration;
			buildSettings = {
				ASSETCATALOG_COMPILER_APPICON_NAME = AppIcon;
				ASSETCATALOG_COMPILER_GLOBAL_ACCENT_COLOR_NAME = AccentColor;
				CODE_SIGN_STYLE = Automatic;
				CURRENT_PROJECT_VERSION = 1;
				GENERATE_INFOPLIST_FILE = YES;
				INFOPLIST_FILE = RoundedRectangleExperiment/Info.plist;
				INFOPLIST_KEY_UIApplicationSupportsIndirectInputEvents = YES;
				INFOPLIST_KEY_UILaunchStoryboardName = LaunchScreen;
				INFOPLIST_KEY_UIMainStoryboardFile = Main;
				INFOPLIST_KEY_UISupportedInterfaceOrientations_iPad = "UIInterfaceOrientationPortrait UIInterfaceOrientationPortraitUpsideDown UIInterfaceOrientationLandscapeLeft UIInterfaceOrientationLandscapeRight";
				INFOPLIST_KEY_UISupportedInterfaceOrientations_iPhone = "UIInterfaceOrientationPortrait UIInterfaceOrientationLandscapeLeft UIInterfaceOrientationLandscapeRight";
				LD_RUNPATH_SEARCH_PATHS = (
					"$(inherited)",
					"@executable_path/Frameworks",
				);
				MARKETING_VERSION = 1.0;
				PRODUCT_BUNDLE_IDENTIFIER = com.example.RoundedRectangleExperiment;
				PRODUCT_NAME = "$(TARGET_NAME)";
				SWIFT_EMIT_LOC_STRINGS = YES;
				SWIFT_VERSION = 5.0;
				TARGETED_DEVICE_FAMILY = "1,2";
			};
			name = Debug;
		};
		D84A1AD42847E8BF00BF2550 /* Release */ = {
			isa = XCBuildConfiguration;
			buildSettings = {
				ASSETCATALOG_COMPILER_APPICON_NAME = AppIcon;
				ASSETCATALOG_COMPILER_GLOBAL_ACCENT_COLOR_NAME = AccentColor;
				CODE_SIGN_STYLE = Automatic;
				CURRENT_PROJECT_VERSION = 1;
				GENERATE_INFOPLIST_FILE = YES;
				INFOPLIST_FILE = RoundedRectangleExperiment/Info.plist;
				INFOPLIST_KEY_UIApplicationSupportsIndirectInputEvents = YES;
				INFOPLIST_KEY_UILaunchStoryboardName = LaunchScreen;
				INFOPLIST_KEY_UIMainStoryboardFile = Main;
				INFOPLIST_KEY_UISupportedInterfaceOrientations_iPad = "UIInterfaceOrientationPortrait UIInterfaceOrientationPortraitUpsideDown UIInterfaceOrientationLandscapeLeft UIInterfaceOrientationLandscapeRight";
				INFOPLIST_KEY_UISupportedInterfaceOrientations_iPhone = "UIInterfaceOrientationPortrait UIInterfaceOrientationLandscapeLeft UIInterfaceOrientationLandscapeRight";
				LD_RUNPATH_SEARCH_PATHS = (
					"$(inherited)",
					"@executable_path/Frameworks",
				);
				MARKETING_VERSION = 1.0;
				PRODUCT_BUNDLE_IDENTIFIER = com.example.RoundedRectangleExperiment;
				PRODUCT_NAME = "$(TARGET_NAME)";
				SWIFT_EMIT_LOC_STRINGS = YES;
				SWIFT_VERSION = 5.0;
				TARGETED_DEVICE_FAMILY = "1,2";
			};
			name = Release;
		};
		D84A1AE128488FF300BF2550 /* Debug */ = {
			isa = XCBuildConfiguration;
			buildSettings = {
				BUNDLE_LOADER = "$(TEST_HOST)";
				CODE_SIGN_STYLE = Automatic;
				CURRENT_PROJECT_VERSION = 1;
				GENERATE_INFOPLIST_FILE = YES;
				MARKETING_VERSION = 1.0;
				PRODUCT_BUNDLE_IDENTIFIER = com.example.RoundedRectangleExperimentTests;
				PRODUCT_NAME = "$(TARGET_NAME)";
				SWIFT_EMIT_LOC_STRINGS = NO;
				SWIFT_VERSION = 5.0;
				TARGETED_DEVICE_FAMILY = "1,2";
				TEST_HOST = "$(BUILT_PRODUCTS_DIR)/RoundedRectangleExperiment.app/RoundedRectangleExperiment";
			};
			name = Debug;
		};
		D84A1AE228488FF300BF2550 /* Release */ = {
			isa = XCBuildConfiguration;
			buildSettings = {
				BUNDLE_LOADER = "$(TEST_HOST)";
				CODE_SIGN_STYLE = Automatic;
				CURRENT_PROJECT_VERSION = 1;
				GENERATE_INFOPLIST_FILE = YES;
				MARKETING_VERSION = 1.0;
				PRODUCT_BUNDLE_IDENTIFIER = com.example.RoundedRectangleExperimentTests;
				PRODUCT_NAME = "$(TARGET_NAME)";
				SWIFT_EMIT_LOC_STRINGS = NO;
				SWIFT_VERSION = 5.0;
				TARGETED_DEVICE_FAMILY = "1,2";
				TEST_HOST = "$(BUILT_PRODUCTS_DIR)/RoundedRectangleExperiment.app/RoundedRectangleExperiment";
			};
			name = Release;
		};
/* End XCBuildConfiguration section */

/* Begin XCConfigurationList section */
		D84A1AB92847E8BE00BF2550 /* Build configuration list for PBXProject "RoundedRectangleExperiment" */ = {
			isa = XCConfigurationList;
			buildConfigurations = (
				D84A1AD02847E8BF00BF2550 /* Debug */,
				D84A1AD12847E8BF00BF2550 /* Release */,
			);
			defaultConfigurationIsVisible = 0;
			defaultConfigurationName = Release;
		};
		D84A1AD22847E8BF00BF2550 /* Build configuration list for PBXNativeTarget "RoundedRectangleExperiment" */ = {
			isa = XCConfigurationList;
			buildConfigurations = (
				D84A1AD32847E8BF00BF2550 /* Debug */,
				D84A1AD42847E8BF00BF2550 /* Release */,
			);
			defaultConfigurationIsVisible = 0;
			defaultConfigurationName = Release;
		};
		D84A1AE328488FF300BF2550 /* Build configuration list for PBXNativeTarget "RoundedRectangleExperimentTests" */ = {
			isa = XCConfigurationList;
			buildConfigurations = (
				D84A1AE128488FF300BF2550 /* Debug */,
				D84A1AE228488FF300BF2550 /* Release */,
			);
			defaultConfigurationIsVisible = 0;
			defaultConfigurationName = Release;
		};
/* End XCConfigurationList section */

/* Begin XCRemoteSwiftPackageReference section */
		D84A1AE42848902F00BF2550 /* XCRemoteSwiftPackageReference "swift-snapshot-testing" */ = {
			isa = XCRemoteSwiftPackageReference;
			repositoryURL = "https://github.com/pointfreeco/swift-snapshot-testing";
			requirement = {
				kind = upToNextMajorVersion;
				minimumVersion = 1.0.0;
			};
		};
/* End XCRemoteSwiftPackageReference section */

/* Begin XCSwiftPackageProductDependency section */
		D84A1AEC28489B9600BF2550 /* SnapshotTesting */ = {
			isa = XCSwiftPackageProductDependency;
			package = D84A1AE42848902F00BF2550 /* XCRemoteSwiftPackageReference "swift-snapshot-testing" */;
			productName = SnapshotTesting;
		};
/* End XCSwiftPackageProductDependency section */
	};
	rootObject = D84A1AB62847E8BE00BF2550 /* Project object */;
}
